
Microsoft Visual Studio Solution File, Format Version 12.00
# Visual Studio Version 16
VisualStudioVersion = 16.0.30711.63
MinimumVisualStudioVersion = 10.0.40219.1
Project("{FAE04EC0-301F-11D3-BF4B-00C04F79EFBC}") = "EmployeeReg", "EmployeeReg.csproj", "{A0AC758F-C0D6-4932-BA53-E70E7C970522}"
EndProject
Global
	GlobalSection(SolutionConfigurationPlatforms) = preSolution
		Debug|Any CPU = Debug|Any CPU
		Release|Any CPU = Release|Any CPU
	EndGlobalSection
	GlobalSection(ProjectConfigurationPlatforms) = postSolution
		{A0AC758F-C0D6-4932-BA53-E70E7C970522}.Debug|Any CPU.ActiveCfg = Debug|Any CPU
		{A0AC758F-C0D6-4932-BA53-E70E7C970522}.Debug|Any CPU.Build.0 = Debug|Any CPU
		{A0AC758F-C0D6-4932-BA53-E70E7C970522}.Release|Any CPU.ActiveCfg = Release|Any CPU
		{A0AC758F-C0D6-4932-BA53-E70E7C970522}.Release|Any CPU.Build.0 = Release|Any CPU
	EndGlobalSection
	GlobalSection(SolutionProperties) = preSolution
		HideSolutionNode = FALSE
	EndGlobalSection
	GlobalSection(ExtensibilityGlobals) = postSolution
		SolutionGuid = {B4863436-F2A4-44E3-96BB-FDBBFDFA79CB}
	EndGlobalSection
EndGlobal
